// !$*UTF8*$!
{
	archiveVersion = 1;
	classes = {
	};
	objectVersion = 56;
	objects = {

/* Begin PBXBuildFile section */
		5AE570D52B816B35006114D1 /* AppDelegate.swift in Sources */ = {isa = PBXBuildFile; fileRef = 5AE570D42B816B35006114D1 /* AppDelegate.swift */; };
		5AE570DC2B816B35006114D1 /* ViewController.swift in Sources */ = {isa = PBXBuildFile; fileRef = 5AE570DB2B816B35006114D1 /* ViewController.swift */; };
		5AE570DF2B816B35006114D1 /* Main.storyboard in Resources */ = {isa = PBXBuildFile; fileRef = 5AE570DD2B816B35006114D1 /* Main.storyboard */; };
		5AE570E12B816B36006114D1 /* Assets.xcassets in Resources */ = {isa = PBXBuildFile; fileRef = 5AE570E02B816B36006114D1 /* Assets.xcassets */; };
		5AE570E42B816B36006114D1 /* LaunchScreen.storyboard in Resources */ = {isa = PBXBuildFile; fileRef = 5AE570E22B816B36006114D1 /* LaunchScreen.storyboard */; };
		5AE570ED2B816BE4006114D1 /* TagDetector.mm in Sources */ = {isa = PBXBuildFile; fileRef = 5AE570EC2B816BE4006114D1 /* TagDetector.mm */; };
		5AE570F22B8179B7006114D1 /* opencv2.framework in Frameworks */ = {isa = PBXBuildFile; fileRef = 5AE570EF2B817931006114D1 /* opencv2.framework */; };
		5AE570F52B817B9D006114D1 /* SKWorldTransform.mm in Sources */ = {isa = PBXBuildFile; fileRef = 5AE570F42B817B9D006114D1 /* SKWorldTransform.mm */; };
		5AE570F72B8181F1006114D1 /* TagNode.swift in Sources */ = {isa = PBXBuildFile; fileRef = 5AE570F62B8181F1006114D1 /* TagNode.swift */; };
		5AE570F92B819D36006114D1 /* ThingView.swift in Sources */ = {isa = PBXBuildFile; fileRef = 5AE570F82B819D36006114D1 /* ThingView.swift */; };
		5AE570FB2B81B622006114D1 /* ClickableView.swift in Sources */ = {isa = PBXBuildFile; fileRef = 5AE570FA2B81B622006114D1 /* ClickableView.swift */; };
		5AE570FD2B81C37A006114D1 /* DetailScene.swift in Sources */ = {isa = PBXBuildFile; fileRef = 5AE570FC2B81C37A006114D1 /* DetailScene.swift */; };
		5AE8210C2B81DC9000015BA7 /* powerbutton.png in Resources */ = {isa = PBXBuildFile; fileRef = 5AE8210B2B81DC9000015BA7 /* powerbutton.png */; };
		5AE8210E2B81F88000015BA7 /* Thing.swift in Sources */ = {isa = PBXBuildFile; fileRef = 5AE8210D2B81F88000015BA7 /* Thing.swift */; };
/* End PBXBuildFile section */

/* Begin PBXFileReference section */
		5AE570D12B816B35006114D1 /* Immersed IoT.app */ = {isa = PBXFileReference; explicitFileType = wrapper.application; includeInIndex = 0; path = "Immersed IoT.app"; sourceTree = BUILT_PRODUCTS_DIR; };
		5AE570D42B816B35006114D1 /* AppDelegate.swift */ = {isa = PBXFileReference; lastKnownFileType = sourcecode.swift; path = AppDelegate.swift; sourceTree = "<group>"; };
		5AE570DB2B816B35006114D1 /* ViewController.swift */ = {isa = PBXFileReference; lastKnownFileType = sourcecode.swift; path = ViewController.swift; sourceTree = "<group>"; };
		5AE570DE2B816B35006114D1 /* Base */ = {isa = PBXFileReference; lastKnownFileType = file.storyboard; name = Base; path = Base.lproj/Main.storyboard; sourceTree = "<group>"; };
		5AE570E02B816B36006114D1 /* Assets.xcassets */ = {isa = PBXFileReference; lastKnownFileType = folder.assetcatalog; path = Assets.xcassets; sourceTree = "<group>"; };
		5AE570E32B816B36006114D1 /* Base */ = {isa = PBXFileReference; lastKnownFileType = file.storyboard; name = Base; path = Base.lproj/LaunchScreen.storyboard; sourceTree = "<group>"; };
		5AE570E52B816B36006114D1 /* Immersed_IoT-Bridging-Header.h */ = {isa = PBXFileReference; lastKnownFileType = sourcecode.c.h; path = "Immersed_IoT-Bridging-Header.h"; sourceTree = "<group>"; };
		5AE570EC2B816BE4006114D1 /* TagDetector.mm */ = {isa = PBXFileReference; lastKnownFileType = sourcecode.cpp.objcpp; path = TagDetector.mm; sourceTree = "<group>"; };
		5AE570EE2B816BF0006114D1 /* TagDetector.h */ = {isa = PBXFileReference; lastKnownFileType = sourcecode.c.h; path = TagDetector.h; sourceTree = "<group>"; };
		5AE570EF2B817931006114D1 /* opencv2.framework */ = {isa = PBXFileReference; lastKnownFileType = wrapper.framework; path = opencv2.framework; sourceTree = "<group>"; };
		5AE570F32B817A3E006114D1 /* SKWorldTransform.h */ = {isa = PBXFileReference; lastKnownFileType = sourcecode.c.h; path = SKWorldTransform.h; sourceTree = "<group>"; };
		5AE570F42B817B9D006114D1 /* SKWorldTransform.mm */ = {isa = PBXFileReference; lastKnownFileType = sourcecode.cpp.objcpp; path = SKWorldTransform.mm; sourceTree = "<group>"; };
		5AE570F62B8181F1006114D1 /* TagNode.swift */ = {isa = PBXFileReference; lastKnownFileType = sourcecode.swift; path = TagNode.swift; sourceTree = "<group>"; };
		5AE570F82B819D36006114D1 /* ThingView.swift */ = {isa = PBXFileReference; lastKnownFileType = sourcecode.swift; path = ThingView.swift; sourceTree = "<group>"; };
		5AE570FA2B81B622006114D1 /* ClickableView.swift */ = {isa = PBXFileReference; lastKnownFileType = sourcecode.swift; path = ClickableView.swift; sourceTree = "<group>"; };
		5AE570FC2B81C37A006114D1 /* DetailScene.swift */ = {isa = PBXFileReference; lastKnownFileType = sourcecode.swift; path = DetailScene.swift; sourceTree = "<group>"; };
		5AE8210B2B81DC9000015BA7 /* powerbutton.png */ = {isa = PBXFileReference; lastKnownFileType = image.png; path = powerbutton.png; sourceTree = "<group>"; };
		5AE8210D2B81F88000015BA7 /* Thing.swift */ = {isa = PBXFileReference; lastKnownFileType = sourcecode.swift; path = Thing.swift; sourceTree = "<group>"; };
/* End PBXFileReference section */

/* Begin PBXFrameworksBuildPhase section */
		5AE570CE2B816B35006114D1 /* Frameworks */ = {
			isa = PBXFrameworksBuildPhase;
			buildActionMask = 2147483647;
			files = (
				5AE570F22B8179B7006114D1 /* opencv2.framework in Frameworks */,
			);
			runOnlyForDeploymentPostprocessing = 0;
		};
/* End PBXFrameworksBuildPhase section */

/* Begin PBXGroup section */
		5AE570C82B816B35006114D1 = {
			isa = PBXGroup;
			children = (
				5AE8210D2B81F88000015BA7 /* Thing.swift */,
				5AE570FC2B81C37A006114D1 /* DetailScene.swift */,
				5AE570D32B816B35006114D1 /* Immersed IoT */,
				5AE570D22B816B35006114D1 /* Products */,
				5AE570F02B81795D006114D1 /* Frameworks */,
			);
			sourceTree = "<group>";
		};
		5AE570D22B816B35006114D1 /* Products */ = {
			isa = PBXGroup;
			children = (
				5AE570D12B816B35006114D1 /* Immersed IoT.app */,
			);
			name = Products;
			sourceTree = "<group>";
		};
		5AE570D32B816B35006114D1 /* Immersed IoT */ = {
			isa = PBXGroup;
			children = (
				5AE570EB2B816BC0006114D1 /* cv */,
				5AE570D42B816B35006114D1 /* AppDelegate.swift */,
				5AE570DB2B816B35006114D1 /* ViewController.swift */,
				5AE570DD2B816B35006114D1 /* Main.storyboard */,
				5AE570E02B816B36006114D1 /* Assets.xcassets */,
				5AE8210B2B81DC9000015BA7 /* powerbutton.png */,
				5AE570E22B816B36006114D1 /* LaunchScreen.storyboard */,
				5AE570E52B816B36006114D1 /* Immersed_IoT-Bridging-Header.h */,
				5AE570F62B8181F1006114D1 /* TagNode.swift */,
				5AE570FA2B81B622006114D1 /* ClickableView.swift */,
				5AE570F82B819D36006114D1 /* ThingView.swift */,
			);
			path = "Immersed IoT";
			sourceTree = "<group>";
		};
		5AE570EB2B816BC0006114D1 /* cv */ = {
			isa = PBXGroup;
			children = (
				5AE570EC2B816BE4006114D1 /* TagDetector.mm */,
				5AE570EE2B816BF0006114D1 /* TagDetector.h */,
				5AE570F32B817A3E006114D1 /* SKWorldTransform.h */,
				5AE570F42B817B9D006114D1 /* SKWorldTransform.mm */,
			);
			path = cv;
			sourceTree = "<group>";
		};
		5AE570F02B81795D006114D1 /* Frameworks */ = {
			isa = PBXGroup;
			children = (
				5AE570EF2B817931006114D1 /* opencv2.framework */,
			);
			name = Frameworks;
			sourceTree = "<group>";
		};
/* End PBXGroup section */

/* Begin PBXNativeTarget section */
		5AE570D02B816B35006114D1 /* Immersed IoT */ = {
			isa = PBXNativeTarget;
			buildConfigurationList = 5AE570E82B816B36006114D1 /* Build configuration list for PBXNativeTarget "Immersed IoT" */;
			buildPhases = (
				5AE570CD2B816B35006114D1 /* Sources */,
				5AE570CE2B816B35006114D1 /* Frameworks */,
				5AE570CF2B816B35006114D1 /* Resources */,
			);
			buildRules = (
			);
			dependencies = (
			);
			name = "Immersed IoT";
			productName = "Immersed IoT";
			productReference = 5AE570D12B816B35006114D1 /* Immersed IoT.app */;
			productType = "com.apple.product-type.application";
		};
/* End PBXNativeTarget section */

/* Begin PBXProject section */
		5AE570C92B816B35006114D1 /* Project object */ = {
			isa = PBXProject;
			attributes = {
				BuildIndependentTargetsInParallel = 1;
				LastSwiftUpdateCheck = 1520;
				LastUpgradeCheck = 1520;
				TargetAttributes = {
					5AE570D02B816B35006114D1 = {
						CreatedOnToolsVersion = 15.2;
					};
				};
			};
			buildConfigurationList = 5AE570CC2B816B35006114D1 /* Build configuration list for PBXProject "Immersed IoT" */;
			compatibilityVersion = "Xcode 14.0";
			developmentRegion = en;
			hasScannedForEncodings = 0;
			knownRegions = (
				en,
				Base,
			);
			mainGroup = 5AE570C82B816B35006114D1;
			productRefGroup = 5AE570D22B816B35006114D1 /* Products */;
			projectDirPath = "";
			projectRoot = "";
			targets = (
				5AE570D02B816B35006114D1 /* Immersed IoT */,
			);
		};
/* End PBXProject section */

/* Begin PBXResourcesBuildPhase section */
		5AE570CF2B816B35006114D1 /* Resources */ = {
			isa = PBXResourcesBuildPhase;
			buildActionMask = 2147483647;
			files = (
				5AE570E42B816B36006114D1 /* LaunchScreen.storyboard in Resources */,
				5AE570E12B816B36006114D1 /* Assets.xcassets in Resources */,
				5AE570DF2B816B35006114D1 /* Main.storyboard in Resources */,
				5AE8210C2B81DC9000015BA7 /* powerbutton.png in Resources */,
			);
			runOnlyForDeploymentPostprocessing = 0;
		};
/* End PBXResourcesBuildPhase section */

/* Begin PBXSourcesBuildPhase section */
		5AE570CD2B816B35006114D1 /* Sources */ = {
			isa = PBXSourcesBuildPhase;
			buildActionMask = 2147483647;
			files = (
				5AE570ED2B816BE4006114D1 /* TagDetector.mm in Sources */,
				5AE570F72B8181F1006114D1 /* TagNode.swift in Sources */,
				5AE570DC2B816B35006114D1 /* ViewController.swift in Sources */,
				5AE570F92B819D36006114D1 /* ThingView.swift in Sources */,
				5AE8210E2B81F88000015BA7 /* Thing.swift in Sources */,
				5AE570D52B816B35006114D1 /* AppDelegate.swift in Sources */,
				5AE570FD2B81C37A006114D1 /* DetailScene.swift in Sources */,
				5AE570F52B817B9D006114D1 /* SKWorldTransform.mm in Sources */,
				5AE570FB2B81B622006114D1 /* ClickableView.swift in Sources */,
			);
			runOnlyForDeploymentPostprocessing = 0;
		};
/* End PBXSourcesBuildPhase section */

/* Begin PBXVariantGroup section */
		5AE570DD2B816B35006114D1 /* Main.storyboard */ = {
			isa = PBXVariantGroup;
			children = (
				5AE570DE2B816B35006114D1 /* Base */,
			);
			name = Main.storyboard;
			sourceTree = "<group>";
		};
		5AE570E22B816B36006114D1 /* LaunchScreen.storyboard */ = {
			isa = PBXVariantGroup;
			children = (
				5AE570E32B816B36006114D1 /* Base */,
			);
			name = LaunchScreen.storyboard;
			sourceTree = "<group>";
		};
/* End PBXVariantGroup section */

/* Begin XCBuildConfiguration section */
		5AE570E62B816B36006114D1 /* Debug */ = {
			isa = XCBuildConfiguration;
			buildSettings = {
				ALWAYS_SEARCH_USER_PATHS = NO;
				ASSETCATALOG_COMPILER_GENERATE_SWIFT_ASSET_SYMBOL_EXTENSIONS = YES;
				CLANG_ANALYZER_NONNULL = YES;
				CLANG_ANALYZER_NUMBER_OBJECT_CONVERSION = YES_AGGRESSIVE;
				CLANG_CXX_LANGUAGE_STANDARD = "gnu++20";
				CLANG_ENABLE_MODULES = YES;
				CLANG_ENABLE_OBJC_ARC = YES;
				CLANG_ENABLE_OBJC_WEAK = YES;
				CLANG_WARN_BLOCK_CAPTURE_AUTORELEASING = YES;
				CLANG_WARN_BOOL_CONVERSION = YES;
				CLANG_WARN_COMMA = YES;
				CLANG_WARN_CONSTANT_CONVERSION = YES;
				CLANG_WARN_DEPRECATED_OBJC_IMPLEMENTATIONS = YES;
				CLANG_WARN_DIRECT_OBJC_ISA_USAGE = YES_ERROR;
				CLANG_WARN_DOCUMENTATION_COMMENTS = YES;
				CLANG_WARN_EMPTY_BODY = YES;
				CLANG_WARN_ENUM_CONVERSION = YES;
				CLANG_WARN_INFINITE_RECURSION = YES;
				CLANG_WARN_INT_CONVERSION = YES;
				CLANG_WARN_NON_LITERAL_NULL_CONVERSION = YES;
				CLANG_WARN_OBJC_IMPLICIT_RETAIN_SELF = YES;
				CLANG_WARN_OBJC_LITERAL_CONVERSION = YES;
				CLANG_WARN_OBJC_ROOT_CLASS = YES_ERROR;
				CLANG_WARN_QUOTED_INCLUDE_IN_FRAMEWORK_HEADER = YES;
				CLANG_WARN_RANGE_LOOP_ANALYSIS = YES;
				CLANG_WARN_STRICT_PROTOTYPES = YES;
				CLANG_WARN_SUSPICIOUS_MOVE = YES;
				CLANG_WARN_UNGUARDED_AVAILABILITY = YES_AGGRESSIVE;
				CLANG_WARN_UNREACHABLE_CODE = YES;
				CLANG_WARN__DUPLICATE_METHOD_MATCH = YES;
				COPY_PHASE_STRIP = NO;
				DEBUG_INFORMATION_FORMAT = dwarf;
				ENABLE_STRICT_OBJC_MSGSEND = YES;
				ENABLE_TESTABILITY = YES;
				ENABLE_USER_SCRIPT_SANDBOXING = YES;
				GCC_C_LANGUAGE_STANDARD = gnu17;
				GCC_DYNAMIC_NO_PIC = NO;
				GCC_NO_COMMON_BLOCKS = YES;
				GCC_OPTIMIZATION_LEVEL = 0;
				GCC_PREPROCESSOR_DEFINITIONS = (
					"DEBUG=1",
					"$(inherited)",
				);
				GCC_WARN_64_TO_32_BIT_CONVERSION = YES;
				GCC_WARN_ABOUT_RETURN_TYPE = YES_ERROR;
				GCC_WARN_UNDECLARED_SELECTOR = YES;
				GCC_WARN_UNINITIALIZED_AUTOS = YES_AGGRESSIVE;
				GCC_WARN_UNUSED_FUNCTION = YES;
				GCC_WARN_UNUSED_VARIABLE = YES;
				IPHONEOS_DEPLOYMENT_TARGET = 17.2;
				LOCALIZATION_PREFERS_STRING_CATALOGS = YES;
				MTL_ENABLE_DEBUG_INFO = INCLUDE_SOURCE;
				MTL_FAST_MATH = YES;
				ONLY_ACTIVE_ARCH = YES;
				SDKROOT = iphoneos;
				SWIFT_ACTIVE_COMPILATION_CONDITIONS = "DEBUG $(inherited)";
				SWIFT_OPTIMIZATION_LEVEL = "-Onone";
			};
			name = Debug;
		};
		5AE570E72B816B36006114D1 /* Release */ = {
			isa = XCBuildConfiguration;
			buildSettings = {
				ALWAYS_SEARCH_USER_PATHS = NO;
				ASSETCATALOG_COMPILER_GENERATE_SWIFT_ASSET_SYMBOL_EXTENSIONS = YES;
				CLANG_ANALYZER_NONNULL = YES;
				CLANG_ANALYZER_NUMBER_OBJECT_CONVERSION = YES_AGGRESSIVE;
				CLANG_CXX_LANGUAGE_STANDARD = "gnu++20";
				CLANG_ENABLE_MODULES = YES;
				CLANG_ENABLE_OBJC_ARC = YES;
				CLANG_ENABLE_OBJC_WEAK = YES;
				CLANG_WARN_BLOCK_CAPTURE_AUTORELEASING = YES;
				CLANG_WARN_BOOL_CONVERSION = YES;
				CLANG_WARN_COMMA = YES;
				CLANG_WARN_CONSTANT_CONVERSION = YES;
				CLANG_WARN_DEPRECATED_OBJC_IMPLEMENTATIONS = YES;
				CLANG_WARN_DIRECT_OBJC_ISA_USAGE = YES_ERROR;
				CLANG_WARN_DOCUMENTATION_COMMENTS = YES;
				CLANG_WARN_EMPTY_BODY = YES;
				CLANG_WARN_ENUM_CONVERSION = YES;
				CLANG_WARN_INFINITE_RECURSION = YES;
				CLANG_WARN_INT_CONVERSION = YES;
				CLANG_WARN_NON_LITERAL_NULL_CONVERSION = YES;
				CLANG_WARN_OBJC_IMPLICIT_RETAIN_SELF = YES;
				CLANG_WARN_OBJC_LITERAL_CONVERSION = YES;
				CLANG_WARN_OBJC_ROOT_CLASS = YES_ERROR;
				CLANG_WARN_QUOTED_INCLUDE_IN_FRAMEWORK_HEADER = YES;
				CLANG_WARN_RANGE_LOOP_ANALYSIS = YES;
				CLANG_WARN_STRICT_PROTOTYPES = YES;
				CLANG_WARN_SUSPICIOUS_MOVE = YES;
				CLANG_WARN_UNGUARDED_AVAILABILITY = YES_AGGRESSIVE;
				CLANG_WARN_UNREACHABLE_CODE = YES;
				CLANG_WARN__DUPLICATE_METHOD_MATCH = YES;
				COPY_PHASE_STRIP = NO;
				DEBUG_INFORMATION_FORMAT = "dwarf-with-dsym";
				ENABLE_NS_ASSERTIONS = NO;
				ENABLE_STRICT_OBJC_MSGSEND = YES;
				ENABLE_USER_SCRIPT_SANDBOXING = YES;
				GCC_C_LANGUAGE_STANDARD = gnu17;
				GCC_NO_COMMON_BLOCKS = YES;
				GCC_WARN_64_TO_32_BIT_CONVERSION = YES;
				GCC_WARN_ABOUT_RETURN_TYPE = YES_ERROR;
				GCC_WARN_UNDECLARED_SELECTOR = YES;
				GCC_WARN_UNINITIALIZED_AUTOS = YES_AGGRESSIVE;
				GCC_WARN_UNUSED_FUNCTION = YES;
				GCC_WARN_UNUSED_VARIABLE = YES;
				IPHONEOS_DEPLOYMENT_TARGET = 17.2;
				LOCALIZATION_PREFERS_STRING_CATALOGS = YES;
				MTL_ENABLE_DEBUG_INFO = NO;
				MTL_FAST_MATH = YES;
				SDKROOT = iphoneos;
				SWIFT_COMPILATION_MODE = wholemodule;
				VALIDATE_PRODUCT = YES;
			};
			name = Release;
		};
		5AE570E92B816B36006114D1 /* Debug */ = {
			isa = XCBuildConfiguration;
			buildSettings = {
				ASSETCATALOG_COMPILER_APPICON_NAME = AppIcon;
				ASSETCATALOG_COMPILER_GLOBAL_ACCENT_COLOR_NAME = AccentColor;
				CODE_SIGN_STYLE = Automatic;
				CURRENT_PROJECT_VERSION = 1;
				DEVELOPMENT_TEAM = S2HCNB39W6;
				FRAMEWORK_SEARCH_PATHS = (
					"$(inherited)",
					"$(PROJECT_DIR)/Immersed\\ IoT",
					"$(PROJECT_DIR)",
				);
				GENERATE_INFOPLIST_FILE = YES;
				INFOPLIST_KEY_NSCameraUsageDescription = "";
				INFOPLIST_KEY_UIApplicationSupportsIndirectInputEvents = YES;
				INFOPLIST_KEY_UILaunchStoryboardName = LaunchScreen;
				INFOPLIST_KEY_UIMainStoryboardFile = Main;
				INFOPLIST_KEY_UIRequiredDeviceCapabilities = "arkit metal";
				INFOPLIST_KEY_UIRequiresFullScreen = YES;
				INFOPLIST_KEY_UIStatusBarHidden = YES;
				INFOPLIST_KEY_UISupportedInterfaceOrientations = UIInterfaceOrientationPortrait;
				INFOPLIST_KEY_UISupportedInterfaceOrientations_iPad = UIInterfaceOrientationLandscapeRight;
				LD_RUNPATH_SEARCH_PATHS = (
					"$(inherited)",
					"@executable_path/Frameworks",
				);
				MARKETING_VERSION = 1.0;
				PRODUCT_BUNDLE_IDENTIFIER = "me.maffetone.joseph.Immersed-IoT";
				PRODUCT_NAME = "$(TARGET_NAME)";
				SWIFT_EMIT_LOC_STRINGS = YES;
				SWIFT_OBJC_BRIDGING_HEADER = "Immersed IoT/Immersed_IoT-Bridging-Header.h";
				SWIFT_VERSION = 5.0;
				TARGETED_DEVICE_FAMILY = "1,2";
			};
			name = Debug;
		};
		5AE570EA2B816B36006114D1 /* Release */ = {
			isa = XCBuildConfiguration;
			buildSettings = {
				ASSETCATALOG_COMPILER_APPICON_NAME = AppIcon;
				ASSETCATALOG_COMPILER_GLOBAL_ACCENT_COLOR_NAME = AccentColor;
				CODE_SIGN_STYLE = Automatic;
				CURRENT_PROJECT_VERSION = 1;
				DEVELOPMENT_TEAM = S2HCNB39W6;
				FRAMEWORK_SEARCH_PATHS = (
					"$(inherited)",
					"$(PROJECT_DIR)/Immersed\\ IoT",
					"$(PROJECT_DIR)",
				);
				GENERATE_INFOPLIST_FILE = YES;
				INFOPLIST_KEY_NSCameraUsageDescription = "";
				INFOPLIST_KEY_UIApplicationSupportsIndirectInputEvents = YES;
				INFOPLIST_KEY_UILaunchStoryboardName = LaunchScreen;
				INFOPLIST_KEY_UIMainStoryboardFile = Main;
				INFOPLIST_KEY_UIRequiredDeviceCapabilities = "arkit metal";
				INFOPLIST_KEY_UIRequiresFullScreen = YES;
				INFOPLIST_KEY_UIStatusBarHidden = YES;
				INFOPLIST_KEY_UISupportedInterfaceOrientations = UIInterfaceOrientationPortrait;
				INFOPLIST_KEY_UISupportedInterfaceOrientations_iPad = UIInterfaceOrientationLandscapeRight;
				LD_RUNPATH_SEARCH_PATHS = (
					"$(inherited)",
					"@executable_path/Frameworks",
				);
				MARKETING_VERSION = 1.0;
				PRODUCT_BUNDLE_IDENTIFIER = "me.maffetone.joseph.Immersed-IoT";
				PRODUCT_NAME = "$(TARGET_NAME)";
				SWIFT_EMIT_LOC_STRINGS = YES;
				SWIFT_OBJC_BRIDGING_HEADER = "Immersed IoT/Immersed_IoT-Bridging-Header.h";
				SWIFT_VERSION = 5.0;
				TARGETED_DEVICE_FAMILY = "1,2";
			};
			name = Release;
		};
/* End XCBuildConfiguration section */

/* Begin XCConfigurationList section */
		5AE570CC2B816B35006114D1 /* Build configuration list for PBXProject "Immersed IoT" */ = {
			isa = XCConfigurationList;
			buildConfigurations = (
				5AE570E62B816B36006114D1 /* Debug */,
				5AE570E72B816B36006114D1 /* Release */,
			);
			defaultConfigurationIsVisible = 0;
			defaultConfigurationName = Release;
		};
		5AE570E82B816B36006114D1 /* Build configuration list for PBXNativeTarget "Immersed IoT" */ = {
			isa = XCConfigurationList;
			buildConfigurations = (
				5AE570E92B816B36006114D1 /* Debug */,
				5AE570EA2B816B36006114D1 /* Release */,
			);
			defaultConfigurationIsVisible = 0;
			defaultConfigurationName = Release;
		};
/* End XCConfigurationList section */
	};
	rootObject = 5AE570C92B816B35006114D1 /* Project object */;
}
